# This file is automatically @generated by Cargo.
# It is not intended for manual editing.
version = 3

[[package]]
name = "r-efi"
version = "4.2.0"
source = "registry+https://github.com/rust-lang/crates.io-index"
checksum = "575fc2d9b3da54adbdfaddf6eca48fec256d977c8630a1750b8991347d1ac911"

[[package]]
name = "uefi_qemu_test"
version = "0.0.0"
dependencies = [
 "r-efi",
]
