# This file is automatically @generated by Cargo.
# It is not intended for manual editing.
version = 3

[[package]]
name = "boml"
version = "0.3.1"
source = "registry+https://github.com/rust-lang/crates.io-index"
checksum = "85fdb93f04c73bff54305fa437ffea5449c41edcaadfe882f35836206b166ac5"

[[package]]
name = "y"
version = "0.1.0"
dependencies = [
 "boml",
]
