# This file is automatically @generated by Cargo.
# It is not intended for manual editing.
[[package]]
name = "addr2line"
version = "0.13.0"
source = "registry+https://github.com/rust-lang/crates.io-index"
checksum = "1b6a2d3371669ab3ca9797670853d61402b03d0b4b9ebf33d677dfa720203072"
dependencies = [
 "compiler_builtins",
 "gimli",
 "rustc-std-workspace-alloc",
 "rustc-std-workspace-core",
]

[[package]]
name = "adler"
version = "0.2.3"
source = "registry+https://github.com/rust-lang/crates.io-index"
checksum = "ee2a4ec343196209d6594e19543ae87a39f96d5534d7174822a3ad825dd6ed7e"
dependencies = [
 "compiler_builtins",
 "rustc-std-workspace-core",
]

[[package]]
name = "alloc"
version = "0.0.0"
dependencies = [
 "compiler_builtins",
 "core",
]

[[package]]
name = "alloc_system"
version = "0.0.0"
dependencies = [
 "compiler_builtins",
 "core",
 "libc",
]

[[package]]
name = "autocfg"
version = "0.1.7"
source = "registry+https://github.com/rust-lang/crates.io-index"
checksum = "1d49d90015b3c36167a20fe2810c5cd875ad504b39cff3d4eae7977e6b7c1cb2"

[[package]]
name = "cc"
version = "1.0.58"
source = "registry+https://github.com/rust-lang/crates.io-index"
checksum = "f9a06fb2e53271d7c279ec1efea6ab691c35a2ae67ec0d91d7acec0caf13b518"

[[package]]
name = "cfg-if"
version = "0.1.10"
source = "registry+https://github.com/rust-lang/crates.io-index"
checksum = "4785bdd1c96b2a846b2bd7cc02e86b6b3dbf14e7e53446c4f54c92a361040822"
dependencies = [
 "compiler_builtins",
 "rustc-std-workspace-core",
]

[[package]]
name = "compiler_builtins"
version = "0.1.32"
source = "registry+https://github.com/rust-lang/crates.io-index"
checksum = "7bc4ac2c824d2bfc612cba57708198547e9a26943af0632aff033e0693074d5c"
dependencies = [
 "rustc-std-workspace-core",
]

[[package]]
name = "core"
version = "0.0.0"

[[package]]
name = "dlmalloc"
version = "0.1.4"
source = "registry+https://github.com/rust-lang/crates.io-index"
checksum = "35055b1021724f4eb5262eb49130eebff23fc59fc5a14160e05faad8eeb36673"
dependencies = [
 "compiler_builtins",
 "libc",
 "rustc-std-workspace-core",
]

[[package]]
name = "fortanix-sgx-abi"
version = "0.3.3"
source = "registry+https://github.com/rust-lang/crates.io-index"
checksum = "c56c422ef86062869b2d57ae87270608dc5929969dd130a6e248979cf4fb6ca6"
dependencies = [
 "compiler_builtins",
 "rustc-std-workspace-core",
]

[[package]]
name = "getopts"
version = "0.2.21"
source = "registry+https://github.com/rust-lang/crates.io-index"
checksum = "14dbbfd5c71d70241ecf9e6f13737f7b5ce823821063188d7e46c41d371eebd5"
dependencies = [
 "rustc-std-workspace-core",
 "rustc-std-workspace-std",
 "unicode-width",
]

[[package]]
name = "gimli"
version = "0.22.0"
source = "registry+https://github.com/rust-lang/crates.io-index"
checksum = "aaf91faf136cb47367fa430cd46e37a788775e7fa104f8b4bcb3861dc389b724"
dependencies = [
 "compiler_builtins",
 "rustc-std-workspace-alloc",
 "rustc-std-workspace-core",
]

[[package]]
name = "hashbrown"
version = "0.6.3"
source = "registry+https://github.com/rust-lang/crates.io-index"
checksum = "8e6073d0ca812575946eb5f35ff68dbe519907b25c42530389ff946dc84c6ead"
dependencies = [
 "autocfg",
 "compiler_builtins",
 "rustc-std-workspace-alloc",
 "rustc-std-workspace-core",
]

[[package]]
name = "hermit-abi"
version = "0.1.15"
source = "registry+https://github.com/rust-lang/crates.io-index"
checksum = "3deed196b6e7f9e44a2ae8d94225d80302d81208b1bb673fd21fe634645c85a9"
dependencies = [
 "compiler_builtins",
 "libc",
 "rustc-std-workspace-core",
]

[[package]]
name = "libc"
version = "0.2.73"
source = "registry+https://github.com/rust-lang/crates.io-index"
checksum = "bd7d4bd64732af4bf3a67f367c27df8520ad7e230c5817b8ff485864d80242b9"
dependencies = [
 "rustc-std-workspace-core",
]

[[package]]
name = "miniz_oxide"
version = "0.4.0"
source = "registry+https://github.com/rust-lang/crates.io-index"
checksum = "be0f75932c1f6cfae3c04000e40114adf955636e19040f9c0a2c380702aa1c7f"
dependencies = [
 "adler",
 "compiler_builtins",
 "rustc-std-workspace-alloc",
 "rustc-std-workspace-core",
]

[[package]]
name = "object"
version = "0.20.0"
source = "registry+https://github.com/rust-lang/crates.io-index"
checksum = "1ab52be62400ca80aa00285d25253d7f7c437b7375c4de678f5405d3afe82ca5"
dependencies = [
 "compiler_builtins",
 "rustc-std-workspace-alloc",
 "rustc-std-workspace-core",
]

[[package]]
name = "panic_abort"
version = "0.0.0"
dependencies = [
 "cfg-if",
 "compiler_builtins",
 "core",
 "libc",
]

[[package]]
name = "panic_unwind"
version = "0.0.0"
dependencies = [
 "alloc",
 "cfg-if",
 "compiler_builtins",
 "core",
 "libc",
 "unwind",
]

[[package]]
name = "proc_macro"
version = "0.0.0"
dependencies = [
 "std",
]

[[package]]
name = "rustc-demangle"
version = "0.1.16"
source = "registry+https://github.com/rust-lang/crates.io-index"
checksum = "4c691c0e608126e00913e33f0ccf3727d5fc84573623b8d65b2df340b5201783"
dependencies = [
 "compiler_builtins",
 "rustc-std-workspace-core",
]

[[package]]
name = "rustc-std-workspace-alloc"
version = "1.99.0"
dependencies = [
 "alloc",
]

[[package]]
name = "rustc-std-workspace-core"
version = "1.99.0"
dependencies = [
 "core",
]

[[package]]
name = "rustc-std-workspace-std"
version = "1.99.0"
dependencies = [
 "std",
]

[[package]]
name = "std"
version = "0.0.0"
dependencies = [
 "addr2line",
 "alloc",
 "cfg-if",
 "compiler_builtins",
 "core",
 "dlmalloc",
 "fortanix-sgx-abi",
 "hashbrown",
 "hermit-abi",
 "libc",
 "miniz_oxide",
 "object",
 "panic_abort",
 "panic_unwind",
 "rustc-demangle",
 "unwind",
 "wasi",
]

[[package]]
name = "sysroot"
version = "0.0.0"
dependencies = [
 "alloc",
 "alloc_system",
 "compiler_builtins",
 "core",
 "std",
 "test",
]

[[package]]
name = "term"
version = "0.0.0"
dependencies = [
 "core",
 "std",
]

[[package]]
name = "test"
version = "0.0.0"
dependencies = [
 "cfg-if",
 "core",
 "getopts",
 "libc",
 "panic_abort",
 "panic_unwind",
 "proc_macro",
 "std",
 "term",
]

[[package]]
name = "unicode-width"
version = "0.1.8"
source = "registry+https://github.com/rust-lang/crates.io-index"
checksum = "9337591893a19b88d8d87f2cec1e73fad5cdfd10e5a6f349f498ad6ea2ffb1e3"
dependencies = [
 "compiler_builtins",
 "rustc-std-workspace-core",
 "rustc-std-workspace-std",
]

[[package]]
name = "unwind"
version = "0.0.0"
dependencies = [
 "cc",
 "cfg-if",
 "compiler_builtins",
 "core",
 "libc",
]

[[package]]
name = "wasi"
version = "0.9.0+wasi-snapshot-preview1"
source = "registry+https://github.com/rust-lang/crates.io-index"
checksum = "cccddf32554fecc6acb585f82a32a72e28b48f8c4c1883ddfeeeaa96f7d8e519"
dependencies = [
 "compiler_builtins",
 "rustc-std-workspace-alloc",
 "rustc-std-workspace-core",
]
