# This file is automatically @generated by Cargo.
# It is not intended for manual editing.
version = 3

[[package]]
name = "autocfg"
version = "1.1.0"
source = "registry+https://github.com/rust-lang/crates.io-index"
checksum = "d468802bab17cbc0cc575e9b053f41e72aa36bfa6b7f55e3529ffa43161b97fa"

[[package]]
name = "byteorder"
version = "0.5.3"
source = "registry+https://github.com/rust-lang/crates.io-index"
checksum = "0fc10e8cc6b2580fda3f36eb6dc5316657f812a3df879a44a66fc9f0fdbc4855"

[[package]]
name = "byteorder"
version = "1.4.3"
source = "registry+https://github.com/rust-lang/crates.io-index"
checksum = "14c189c53d098945499cdfa7ecc63567cf3886b3332b312a5b4585d8d3a6a610"

[[package]]
name = "cargo-miri-test"
version = "0.1.0"
dependencies = [
 "autocfg",
 "byteorder 0.5.3",
 "byteorder 1.4.3",
 "cdylib",
 "exported_symbol",
 "issue_1567",
 "issue_1691",
 "issue_1705",
 "issue_1760",
 "issue_rust_86261",
 "serde_derive",
]

[[package]]
name = "cdylib"
version = "0.1.0"
dependencies = [
 "byteorder 1.4.3",
]

[[package]]
name = "exported_symbol"
version = "0.1.0"
dependencies = [
 "exported_symbol_dep",
]

[[package]]
name = "exported_symbol_dep"
version = "0.1.0"

[[package]]
name = "issue_1567"
version = "0.1.0"
dependencies = [
 "byteorder 1.4.3",
]

[[package]]
name = "issue_1691"
version = "0.1.0"

[[package]]
name = "issue_1705"
version = "0.1.0"
dependencies = [
 "byteorder 1.4.3",
]

[[package]]
name = "issue_1760"
version = "0.1.0"

[[package]]
name = "issue_rust_86261"
version = "0.1.0"

[[package]]
name = "proc-macro2"
version = "1.0.60"
source = "registry+https://github.com/rust-lang/crates.io-index"
checksum = "dec2b086b7a862cf4de201096214fa870344cf922b2b30c167badb3af3195406"
dependencies = [
 "unicode-ident",
]

[[package]]
name = "quote"
version = "1.0.23"
source = "registry+https://github.com/rust-lang/crates.io-index"
checksum = "8856d8364d252a14d474036ea1358d63c9e6965c8e5c1885c18f73d70bff9c7b"
dependencies = [
 "proc-macro2",
]

[[package]]
name = "serde_derive"
version = "1.0.152"
source = "registry+https://github.com/rust-lang/crates.io-index"
checksum = "af487d118eecd09402d70a5d72551860e788df87b464af30e5ea6a38c75c541e"
dependencies = [
 "proc-macro2",
 "quote",
 "syn",
]

[[package]]
name = "subcrate"
version = "0.1.0"
dependencies = [
 "byteorder 1.4.3",
]

[[package]]
name = "syn"
version = "1.0.107"
source = "registry+https://github.com/rust-lang/crates.io-index"
checksum = "1f4064b5b16e03ae50984a5a8ed5d4f8803e6bc1fd170a3cda91a1be4b18e3f5"
dependencies = [
 "proc-macro2",
 "quote",
 "unicode-ident",
]

[[package]]
name = "unicode-ident"
version = "1.0.6"
source = "registry+https://github.com/rust-lang/crates.io-index"
checksum = "84a22b9f218b40614adcb3f4ff08b703773ad44fa9423e4e0d346d5db86e4ebc"
